# This file was autogenerated by Stack.
# You should not edit this file by hand.
# For more information, please see the documentation at:
#   https://docs.haskellstack.org/en/stable/lock_files

packages: []
snapshots:
- completed:
    size: 555280
    url: https://raw.githubusercontent.com/commercialhaskell/stackage-snapshots/master/nightly/2020/12/3.yaml
    sha256: f0c88c9cb1e626b5f6ac3e8126d361201e9e3eb5570a556e0469e7f2cc34c086
  original: nightly-2020-12-03
